
Microsoft Visual Studio Solution File, Format Version 12.00
Project("{FAE04EC0-301F-11D3-BF4B-00C04F79EFBC}") = "Serilog.Sinks.AsyncFile", "Serilog.Sinks.AsyncFile\Serilog.Sinks.AsyncFile.csproj", "{B004333C-9D95-4BD4-8C1D-F231BA0D2556}"
EndProject
Project("{FAE04EC0-301F-11D3-BF4B-00C04F79EFBC}") = "Serilog.Sinks.AsyncFile.Tests", "Serilog.Sinks.AsyncFile.Tests\Serilog.Sinks.AsyncFile.Tests.csproj", "{C5F6CC9F-EE64-4A1D-9BD1-4C0CA4048633}"
EndProject
Global
	GlobalSection(SolutionConfigurationPlatforms) = preSolution
		Debug|Any CPU = Debug|Any CPU
		Release|Any CPU = Release|Any CPU
	EndGlobalSection
	GlobalSection(ProjectConfigurationPlatforms) = postSolution
		{B004333C-9D95-4BD4-8C1D-F231BA0D2556}.Debug|Any CPU.ActiveCfg = Debug|Any CPU
		{B004333C-9D95-4BD4-8C1D-F231BA0D2556}.Debug|Any CPU.Build.0 = Debug|Any CPU
		{B004333C-9D95-4BD4-8C1D-F231BA0D2556}.Release|Any CPU.ActiveCfg = Release|Any CPU
		{B004333C-9D95-4BD4-8C1D-F231BA0D2556}.Release|Any CPU.Build.0 = Release|Any CPU
		{C5F6CC9F-EE64-4A1D-9BD1-4C0CA4048633}.Debug|Any CPU.ActiveCfg = Debug|Any CPU
		{C5F6CC9F-EE64-4A1D-9BD1-4C0CA4048633}.Debug|Any CPU.Build.0 = Debug|Any CPU
		{C5F6CC9F-EE64-4A1D-9BD1-4C0CA4048633}.Release|Any CPU.ActiveCfg = Release|Any CPU
		{C5F6CC9F-EE64-4A1D-9BD1-4C0CA4048633}.Release|Any CPU.Build.0 = Release|Any CPU
	EndGlobalSection
EndGlobal
